
Microsoft Visual Studio Solution File, Format Version 12.00
Project("{FAE04EC0-301F-11D3-BF4B-00C04F79EFBC}") = "PontoDeVenda.Core", "PontoDeVenda.Core\PontoDeVenda.Core.csproj", "{47FDBA09-481F-44C6-8F84-EFB50914E0F9}"
EndProject
Project("{FAE04EC0-301F-11D3-BF4B-00C04F79EFBC}") = "PontoDeVenda.Application", "PontoDeVenda.Application\PontoDeVenda.Application.csproj", "{39EB19A6-5F45-4828-9168-94A3E38C19C6}"
EndProject
Project("{FAE04EC0-301F-11D3-BF4B-00C04F79EFBC}") = "PontoDeVenda.Infrastructure", "PontoDeVenda.Infrastructure\PontoDeVenda.Infrastructure.csproj", "{76B6AA93-ED1E-44DB-A47B-8498DE3D0FDB}"
EndProject
Project("{FAE04EC0-301F-11D3-BF4B-00C04F79EFBC}") = "PontoDeVenda.Api", "PontoDeVenda.Api\PontoDeVenda.Api.csproj", "{4F28F002-EF33-4E0C-97CF-3D21ED4218F9}"
EndProject
Project("{FAE04EC0-301F-11D3-BF4B-00C04F79EFBC}") = "PontoDeVenda.Core.Tests", "PontoDeVenda.Core.Tests\PontoDeVenda.Core.Tests.csproj", "{0E22562D-8EF0-406E-A630-FB3BB3159023}"
EndProject
Project("{FAE04EC0-301F-11D3-BF4B-00C04F79EFBC}") = "PontoDeVenda.Common", "PontoDeVenda.Common\PontoDeVenda.Common.csproj", "{04A0B34C-8D85-4F50-8B2B-5188BBF9E631}"
EndProject
Global
	GlobalSection(SolutionConfigurationPlatforms) = preSolution
		Debug|Any CPU = Debug|Any CPU
		Release|Any CPU = Release|Any CPU
	EndGlobalSection
	GlobalSection(ProjectConfigurationPlatforms) = postSolution
		{47FDBA09-481F-44C6-8F84-EFB50914E0F9}.Debug|Any CPU.ActiveCfg = Debug|Any CPU
		{47FDBA09-481F-44C6-8F84-EFB50914E0F9}.Debug|Any CPU.Build.0 = Debug|Any CPU
		{47FDBA09-481F-44C6-8F84-EFB50914E0F9}.Release|Any CPU.ActiveCfg = Release|Any CPU
		{47FDBA09-481F-44C6-8F84-EFB50914E0F9}.Release|Any CPU.Build.0 = Release|Any CPU
		{39EB19A6-5F45-4828-9168-94A3E38C19C6}.Debug|Any CPU.ActiveCfg = Debug|Any CPU
		{39EB19A6-5F45-4828-9168-94A3E38C19C6}.Debug|Any CPU.Build.0 = Debug|Any CPU
		{39EB19A6-5F45-4828-9168-94A3E38C19C6}.Release|Any CPU.ActiveCfg = Release|Any CPU
		{39EB19A6-5F45-4828-9168-94A3E38C19C6}.Release|Any CPU.Build.0 = Release|Any CPU
		{76B6AA93-ED1E-44DB-A47B-8498DE3D0FDB}.Debug|Any CPU.ActiveCfg = Debug|Any CPU
		{76B6AA93-ED1E-44DB-A47B-8498DE3D0FDB}.Debug|Any CPU.Build.0 = Debug|Any CPU
		{76B6AA93-ED1E-44DB-A47B-8498DE3D0FDB}.Release|Any CPU.ActiveCfg = Release|Any CPU
		{76B6AA93-ED1E-44DB-A47B-8498DE3D0FDB}.Release|Any CPU.Build.0 = Release|Any CPU
		{4F28F002-EF33-4E0C-97CF-3D21ED4218F9}.Debug|Any CPU.ActiveCfg = Debug|Any CPU
		{4F28F002-EF33-4E0C-97CF-3D21ED4218F9}.Debug|Any CPU.Build.0 = Debug|Any CPU
		{4F28F002-EF33-4E0C-97CF-3D21ED4218F9}.Release|Any CPU.ActiveCfg = Release|Any CPU
		{4F28F002-EF33-4E0C-97CF-3D21ED4218F9}.Release|Any CPU.Build.0 = Release|Any CPU
		{0E22562D-8EF0-406E-A630-FB3BB3159023}.Debug|Any CPU.ActiveCfg = Debug|Any CPU
		{0E22562D-8EF0-406E-A630-FB3BB3159023}.Debug|Any CPU.Build.0 = Debug|Any CPU
		{0E22562D-8EF0-406E-A630-FB3BB3159023}.Release|Any CPU.ActiveCfg = Release|Any CPU
		{0E22562D-8EF0-406E-A630-FB3BB3159023}.Release|Any CPU.Build.0 = Release|Any CPU
		{04A0B34C-8D85-4F50-8B2B-5188BBF9E631}.Debug|Any CPU.ActiveCfg = Debug|Any CPU
		{04A0B34C-8D85-4F50-8B2B-5188BBF9E631}.Debug|Any CPU.Build.0 = Debug|Any CPU
		{04A0B34C-8D85-4F50-8B2B-5188BBF9E631}.Release|Any CPU.ActiveCfg = Release|Any CPU
		{04A0B34C-8D85-4F50-8B2B-5188BBF9E631}.Release|Any CPU.Build.0 = Release|Any CPU
	EndGlobalSection
EndGlobal
